
Microsoft Visual Studio Solution File, Format Version 12.00
# Visual Studio Version 17
VisualStudioVersion = 17.7.34221.43
MinimumVisualStudioVersion = 10.0.40219.1
Project("{2150E333-8FDC-42A3-9474-1A3956D46DE8}") = "src", "src", "{C34E4496-79F0-476D-9B87-36275244B401}"
EndProject
Project("{2150E333-8FDC-42A3-9474-1A3956D46DE8}") = "test", "test", "{5FF9FFC9-81BE-43C3-9F66-CE9CB9043498}"
EndProject
Project("{FAE04EC0-301F-11D3-BF4B-00C04F79EFBC}") = "Web", "Web\Web.csproj", "{87C147AC-BB50-4642-905B-77A74B73B67A}"
EndProject
Project("{2150E333-8FDC-42A3-9474-1A3956D46DE8}") = "Core", "Core", "{84508152-EA5B-463B-878B-95CC8B135DE4}"
EndProject
Project("{2150E333-8FDC-42A3-9474-1A3956D46DE8}") = "External", "External", "{63049091-BB95-408A-9AA8-EEC1E5890663}"
EndProject
Project("{FAE04EC0-301F-11D3-BF4B-00C04F79EFBC}") = "Application", "Application\Application.csproj", "{EABA1FA1-89D0-413D-931D-D83A12C7B1FE}"
EndProject
Project("{FAE04EC0-301F-11D3-BF4B-00C04F79EFBC}") = "Domain", "Domain\Domain.csproj", "{11AEE2DB-0FDF-402F-8927-EFDD627484B3}"
EndProject
Project("{FAE04EC0-301F-11D3-BF4B-00C04F79EFBC}") = "Infrastructure", "Infrastructure\Infrastructure.csproj", "{F3989220-ED31-4E9C-BD6A-65A3FB4A5209}"
EndProject
Project("{FAE04EC0-301F-11D3-BF4B-00C04F79EFBC}") = "Presentation", "Presentation\Presentation.csproj", "{6CDE6A7E-B0B8-45E9-BB95-1B6A923A2A32}"
EndProject
Project("{FAE04EC0-301F-11D3-BF4B-00C04F79EFBC}") = "Architecture.Tests", "Architecture.Tests\Architecture.Tests.csproj", "{00EAB3F1-543F-4086-A37F-1F9EF23BCDA5}"
EndProject
Global
	GlobalSection(SolutionConfigurationPlatforms) = preSolution
		Debug|Any CPU = Debug|Any CPU
		Release|Any CPU = Release|Any CPU
	EndGlobalSection
	GlobalSection(ProjectConfigurationPlatforms) = postSolution
		{87C147AC-BB50-4642-905B-77A74B73B67A}.Debug|Any CPU.ActiveCfg = Debug|Any CPU
		{87C147AC-BB50-4642-905B-77A74B73B67A}.Debug|Any CPU.Build.0 = Debug|Any CPU
		{87C147AC-BB50-4642-905B-77A74B73B67A}.Release|Any CPU.ActiveCfg = Release|Any CPU
		{87C147AC-BB50-4642-905B-77A74B73B67A}.Release|Any CPU.Build.0 = Release|Any CPU
		{EABA1FA1-89D0-413D-931D-D83A12C7B1FE}.Debug|Any CPU.ActiveCfg = Debug|Any CPU
		{EABA1FA1-89D0-413D-931D-D83A12C7B1FE}.Debug|Any CPU.Build.0 = Debug|Any CPU
		{EABA1FA1-89D0-413D-931D-D83A12C7B1FE}.Release|Any CPU.ActiveCfg = Release|Any CPU
		{EABA1FA1-89D0-413D-931D-D83A12C7B1FE}.Release|Any CPU.Build.0 = Release|Any CPU
		{11AEE2DB-0FDF-402F-8927-EFDD627484B3}.Debug|Any CPU.ActiveCfg = Debug|Any CPU
		{11AEE2DB-0FDF-402F-8927-EFDD627484B3}.Debug|Any CPU.Build.0 = Debug|Any CPU
		{11AEE2DB-0FDF-402F-8927-EFDD627484B3}.Release|Any CPU.ActiveCfg = Release|Any CPU
		{11AEE2DB-0FDF-402F-8927-EFDD627484B3}.Release|Any CPU.Build.0 = Release|Any CPU
		{F3989220-ED31-4E9C-BD6A-65A3FB4A5209}.Debug|Any CPU.ActiveCfg = Debug|Any CPU
		{F3989220-ED31-4E9C-BD6A-65A3FB4A5209}.Debug|Any CPU.Build.0 = Debug|Any CPU
		{F3989220-ED31-4E9C-BD6A-65A3FB4A5209}.Release|Any CPU.ActiveCfg = Release|Any CPU
		{F3989220-ED31-4E9C-BD6A-65A3FB4A5209}.Release|Any CPU.Build.0 = Release|Any CPU
		{6CDE6A7E-B0B8-45E9-BB95-1B6A923A2A32}.Debug|Any CPU.ActiveCfg = Debug|Any CPU
		{6CDE6A7E-B0B8-45E9-BB95-1B6A923A2A32}.Debug|Any CPU.Build.0 = Debug|Any CPU
		{6CDE6A7E-B0B8-45E9-BB95-1B6A923A2A32}.Release|Any CPU.ActiveCfg = Release|Any CPU
		{6CDE6A7E-B0B8-45E9-BB95-1B6A923A2A32}.Release|Any CPU.Build.0 = Release|Any CPU
		{00EAB3F1-543F-4086-A37F-1F9EF23BCDA5}.Debug|Any CPU.ActiveCfg = Debug|Any CPU
		{00EAB3F1-543F-4086-A37F-1F9EF23BCDA5}.Debug|Any CPU.Build.0 = Debug|Any CPU
		{00EAB3F1-543F-4086-A37F-1F9EF23BCDA5}.Release|Any CPU.ActiveCfg = Release|Any CPU
		{00EAB3F1-543F-4086-A37F-1F9EF23BCDA5}.Release|Any CPU.Build.0 = Release|Any CPU
	EndGlobalSection
	GlobalSection(SolutionProperties) = preSolution
		HideSolutionNode = FALSE
	EndGlobalSection
	GlobalSection(NestedProjects) = preSolution
		{87C147AC-BB50-4642-905B-77A74B73B67A} = {C34E4496-79F0-476D-9B87-36275244B401}
		{84508152-EA5B-463B-878B-95CC8B135DE4} = {C34E4496-79F0-476D-9B87-36275244B401}
		{63049091-BB95-408A-9AA8-EEC1E5890663} = {C34E4496-79F0-476D-9B87-36275244B401}
		{EABA1FA1-89D0-413D-931D-D83A12C7B1FE} = {84508152-EA5B-463B-878B-95CC8B135DE4}
		{11AEE2DB-0FDF-402F-8927-EFDD627484B3} = {84508152-EA5B-463B-878B-95CC8B135DE4}
		{F3989220-ED31-4E9C-BD6A-65A3FB4A5209} = {63049091-BB95-408A-9AA8-EEC1E5890663}
		{6CDE6A7E-B0B8-45E9-BB95-1B6A923A2A32} = {63049091-BB95-408A-9AA8-EEC1E5890663}
		{00EAB3F1-543F-4086-A37F-1F9EF23BCDA5} = {5FF9FFC9-81BE-43C3-9F66-CE9CB9043498}
	EndGlobalSection
	GlobalSection(ExtensibilityGlobals) = postSolution
		SolutionGuid = {34A4C33B-701B-4051-98DF-F24126E90866}
	EndGlobalSection
EndGlobal
