
Microsoft Visual Studio Solution File, Format Version 12.00
# Visual Studio Version 17
VisualStudioVersion = 17.7.34221.43
MinimumVisualStudioVersion = 10.0.40219.1
Project("{2150E333-8FDC-42A3-9474-1A3956D46DE8}") = "src", "src", "{4D842BDB-ECB9-4FEC-99F7-3C6672E83810}"
EndProject
Project("{FAE04EC0-301F-11D3-BF4B-00C04F79EFBC}") = "Gatherly.Domain", "Gatherly.Domain\Gatherly.Domain.csproj", "{E11EFEB6-71EE-4C3A-9B58-8463D1AD0C3B}"
EndProject
Project("{FAE04EC0-301F-11D3-BF4B-00C04F79EFBC}") = "Gatherly.Application", "Gatherly.Application\Gatherly.Application.csproj", "{F7248D79-3D4A-498B-A48E-5F7C762B57C4}"
EndProject
Global
	GlobalSection(SolutionConfigurationPlatforms) = preSolution
		Debug|Any CPU = Debug|Any CPU
		Release|Any CPU = Release|Any CPU
	EndGlobalSection
	GlobalSection(ProjectConfigurationPlatforms) = postSolution
		{E11EFEB6-71EE-4C3A-9B58-8463D1AD0C3B}.Debug|Any CPU.ActiveCfg = Debug|Any CPU
		{E11EFEB6-71EE-4C3A-9B58-8463D1AD0C3B}.Debug|Any CPU.Build.0 = Debug|Any CPU
		{E11EFEB6-71EE-4C3A-9B58-8463D1AD0C3B}.Release|Any CPU.ActiveCfg = Release|Any CPU
		{E11EFEB6-71EE-4C3A-9B58-8463D1AD0C3B}.Release|Any CPU.Build.0 = Release|Any CPU
		{F7248D79-3D4A-498B-A48E-5F7C762B57C4}.Debug|Any CPU.ActiveCfg = Debug|Any CPU
		{F7248D79-3D4A-498B-A48E-5F7C762B57C4}.Debug|Any CPU.Build.0 = Debug|Any CPU
		{F7248D79-3D4A-498B-A48E-5F7C762B57C4}.Release|Any CPU.ActiveCfg = Release|Any CPU
		{F7248D79-3D4A-498B-A48E-5F7C762B57C4}.Release|Any CPU.Build.0 = Release|Any CPU
	EndGlobalSection
	GlobalSection(SolutionProperties) = preSolution
		HideSolutionNode = FALSE
	EndGlobalSection
	GlobalSection(NestedProjects) = preSolution
		{E11EFEB6-71EE-4C3A-9B58-8463D1AD0C3B} = {4D842BDB-ECB9-4FEC-99F7-3C6672E83810}
		{F7248D79-3D4A-498B-A48E-5F7C762B57C4} = {4D842BDB-ECB9-4FEC-99F7-3C6672E83810}
	EndGlobalSection
	GlobalSection(ExtensibilityGlobals) = postSolution
		SolutionGuid = {1AB69451-8241-4CF3-90AE-0F879CB4FCDC}
	EndGlobalSection
EndGlobal
